
Microsoft Visual Studio Solution File, Format Version 12.00
# Visual Studio 15
VisualStudioVersion = 15.0.27703.2018
MinimumVisualStudioVersion = 10.0.40219.1
Project("{9A19103F-16F7-4668-BE54-9A1E7A4F7556}") = "LMS.DataProvider", "LMS.DataProvider\LMS.DataProvider.csproj", "{DD7A02C8-4A97-4951-8627-00750D6928EB}"
EndProject
Project("{9A19103F-16F7-4668-BE54-9A1E7A4F7556}") = "LMS.ControlTester", "LMS.ControlTester\LMS.ControlTester.csproj", "{5791E7F5-9454-44C3-9F32-2A8C748F5DC5}"
EndProject
Project("{9A19103F-16F7-4668-BE54-9A1E7A4F7556}") = "LMS.ValidatorFactory.Interface", "LMS.ValidatorFactory.Interface\LMS.ValidatorFactory.Interface.csproj", "{8563B5A0-F5A4-47C3-9BFD-D58B15EC063F}"
EndProject
Project("{9A19103F-16F7-4668-BE54-9A1E7A4F7556}") = "LMS.ValidatorDataProvider.Interface", "LMS.ValidatorDataProvider.Interface\LMS.ValidatorDataProvider.Interface.csproj", "{1A33A351-391B-4354-A1D0-289B34B2A108}"
EndProject
Project("{FAE04EC0-301F-11D3-BF4B-00C04F79EFBC}") = "LMS.DataProviderUnitTest", "LMS.DataProviderUnitTest\LMS.DataProviderUnitTest.csproj", "{DDF7CEFA-6873-4F85-992B-1E31BB27C4BD}"
EndProject
Global
	GlobalSection(SolutionConfigurationPlatforms) = preSolution
		Debug|Any CPU = Debug|Any CPU
		Release|Any CPU = Release|Any CPU
	EndGlobalSection
	GlobalSection(ProjectConfigurationPlatforms) = postSolution
		{DD7A02C8-4A97-4951-8627-00750D6928EB}.Debug|Any CPU.ActiveCfg = Debug|Any CPU
		{DD7A02C8-4A97-4951-8627-00750D6928EB}.Debug|Any CPU.Build.0 = Debug|Any CPU
		{DD7A02C8-4A97-4951-8627-00750D6928EB}.Release|Any CPU.ActiveCfg = Release|Any CPU
		{DD7A02C8-4A97-4951-8627-00750D6928EB}.Release|Any CPU.Build.0 = Release|Any CPU
		{5791E7F5-9454-44C3-9F32-2A8C748F5DC5}.Debug|Any CPU.ActiveCfg = Debug|Any CPU
		{5791E7F5-9454-44C3-9F32-2A8C748F5DC5}.Debug|Any CPU.Build.0 = Debug|Any CPU
		{5791E7F5-9454-44C3-9F32-2A8C748F5DC5}.Release|Any CPU.ActiveCfg = Release|Any CPU
		{5791E7F5-9454-44C3-9F32-2A8C748F5DC5}.Release|Any CPU.Build.0 = Release|Any CPU
		{8563B5A0-F5A4-47C3-9BFD-D58B15EC063F}.Debug|Any CPU.ActiveCfg = Debug|Any CPU
		{8563B5A0-F5A4-47C3-9BFD-D58B15EC063F}.Debug|Any CPU.Build.0 = Debug|Any CPU
		{8563B5A0-F5A4-47C3-9BFD-D58B15EC063F}.Release|Any CPU.ActiveCfg = Release|Any CPU
		{8563B5A0-F5A4-47C3-9BFD-D58B15EC063F}.Release|Any CPU.Build.0 = Release|Any CPU
		{1A33A351-391B-4354-A1D0-289B34B2A108}.Debug|Any CPU.ActiveCfg = Debug|Any CPU
		{1A33A351-391B-4354-A1D0-289B34B2A108}.Debug|Any CPU.Build.0 = Debug|Any CPU
		{1A33A351-391B-4354-A1D0-289B34B2A108}.Release|Any CPU.ActiveCfg = Release|Any CPU
		{1A33A351-391B-4354-A1D0-289B34B2A108}.Release|Any CPU.Build.0 = Release|Any CPU
		{DDF7CEFA-6873-4F85-992B-1E31BB27C4BD}.Debug|Any CPU.ActiveCfg = Debug|Any CPU
		{DDF7CEFA-6873-4F85-992B-1E31BB27C4BD}.Debug|Any CPU.Build.0 = Debug|Any CPU
		{DDF7CEFA-6873-4F85-992B-1E31BB27C4BD}.Release|Any CPU.ActiveCfg = Release|Any CPU
		{DDF7CEFA-6873-4F85-992B-1E31BB27C4BD}.Release|Any CPU.Build.0 = Release|Any CPU
	EndGlobalSection
	GlobalSection(SolutionProperties) = preSolution
		HideSolutionNode = FALSE
	EndGlobalSection
	GlobalSection(ExtensibilityGlobals) = postSolution
		SolutionGuid = {911B9BFB-1886-41D0-B0F2-C01728D29DE8}
	EndGlobalSection
EndGlobal
