
Microsoft Visual Studio Solution File, Format Version 12.00
# Visual Studio 15
VisualStudioVersion = 15.0.27703.2018
MinimumVisualStudioVersion = 10.0.40219.1
Project("{9A19103F-16F7-4668-BE54-9A1E7A4F7556}") = "Decorator.Interface", "Decorator.Interface\Decorator.Interface.csproj", "{3434C5BC-46E6-4457-BEDF-1D88C368EA56}"
EndProject
Global
	GlobalSection(SolutionConfigurationPlatforms) = preSolution
		Debug|Any CPU = Debug|Any CPU
		Release|Any CPU = Release|Any CPU
	EndGlobalSection
	GlobalSection(ProjectConfigurationPlatforms) = postSolution
		{3434C5BC-46E6-4457-BEDF-1D88C368EA56}.Debug|Any CPU.ActiveCfg = Debug|Any CPU
		{3434C5BC-46E6-4457-BEDF-1D88C368EA56}.Debug|Any CPU.Build.0 = Debug|Any CPU
		{3434C5BC-46E6-4457-BEDF-1D88C368EA56}.Release|Any CPU.ActiveCfg = Release|Any CPU
		{3434C5BC-46E6-4457-BEDF-1D88C368EA56}.Release|Any CPU.Build.0 = Release|Any CPU
	EndGlobalSection
	GlobalSection(SolutionProperties) = preSolution
		HideSolutionNode = FALSE
	EndGlobalSection
	GlobalSection(ExtensibilityGlobals) = postSolution
		SolutionGuid = {EB1D7DC0-1827-42E2-9E61-8BC59423CE26}
	EndGlobalSection
EndGlobal
