
Microsoft Visual Studio Solution File, Format Version 12.00
# Visual Studio 15
VisualStudioVersion = 15.0.27703.2018
MinimumVisualStudioVersion = 10.0.40219.1
Project("{FAE04EC0-301F-11D3-BF4B-00C04F79EFBC}") = "LMS.CampaignManager.Resolver.Interface", "LMS.CampaignManager.Resolver.Interface\LMS.CampaignManager.Resolver.Interface.csproj", "{B57D3872-661F-4229-BDD5-C4061F4FB0CD}"
EndProject
Project("{FAE04EC0-301F-11D3-BF4B-00C04F79EFBC}") = "LMS.CampaignManager.Subscriber.Interface", "LMS.CampaignManager.Subscriber.Interface\LMS.CampaignManager.Subscriber.Interface.csproj", "{4C69A133-627A-4558-9196-1283A4F9DA10}"
EndProject
Project("{FAE04EC0-301F-11D3-BF4B-00C04F79EFBC}") = "LMS.CampaignManager.Implementation", "LMS.CampaignManager.Implementation\LMS.CampaignManager.Implementation.csproj", "{56843640-CE29-474D-9949-EA0993D49431}"
EndProject
Project("{FAE04EC0-301F-11D3-BF4B-00C04F79EFBC}") = "LMS.CampaignManager.Interface", "LMS.CampaignManager.Interface\LMS.CampaignManager.Interface.csproj", "{5F7CE624-7A9E-40E6-8006-AD0E5D91188B}"
EndProject
Project("{FAE04EC0-301F-11D3-BF4B-00C04F79EFBC}") = "LMS.CampaignManager.Subscriber.Implementation", "LMS.CampaignManager.Subscriber.Implementation\LMS.CampaignManager.Subscriber.Implementation.csproj", "{22E40A9E-080A-4A3C-BD62-8B6B55317C8B}"
EndProject
Project("{FAE04EC0-301F-11D3-BF4B-00C04F79EFBC}") = "LMS.CampaignManager.UnitTests", "LMS.CampaignManager.UnitTests\LMS.CampaignManager.UnitTests.csproj", "{D6BF6956-9B12-40B1-BADF-FEA1686AF8BF}"
EndProject
Project("{FAE04EC0-301F-11D3-BF4B-00C04F79EFBC}") = "LMS.CampaignManager.Subscriber.UnitTests", "LMS.CampaignManager.Subscriber.UnitTests\LMS.CampaignManager.Subscriber.UnitTests.csproj", "{60C5A1C8-73B9-4914-BBC1-95F61EF4EFBD}"
EndProject
Project("{FAE04EC0-301F-11D3-BF4B-00C04F79EFBC}") = "LMS.CampaignManager.Resolver.Implementation", "LMS.CampaignManager.Resolver.Implementation\LMS.CampaignManager.Resolver.Implementation.csproj", "{B63E1452-D4EE-4F56-ADE6-32D119E0C6AC}"
EndProject
Project("{FAE04EC0-301F-11D3-BF4B-00C04F79EFBC}") = "LMS.CampaignManager.Validator.Implementation", "LMS.CampaignManager.Validator.Implementation\LMS.CampaignManager.Validator.Implementation.csproj", "{B73023CD-00ED-46F7-85C7-EC3EFA3DB49F}"
EndProject
Global
	GlobalSection(SolutionConfigurationPlatforms) = preSolution
		Debug|Any CPU = Debug|Any CPU
		Release|Any CPU = Release|Any CPU
	EndGlobalSection
	GlobalSection(ProjectConfigurationPlatforms) = postSolution
		{B57D3872-661F-4229-BDD5-C4061F4FB0CD}.Debug|Any CPU.ActiveCfg = Debug|Any CPU
		{B57D3872-661F-4229-BDD5-C4061F4FB0CD}.Debug|Any CPU.Build.0 = Debug|Any CPU
		{B57D3872-661F-4229-BDD5-C4061F4FB0CD}.Release|Any CPU.ActiveCfg = Release|Any CPU
		{B57D3872-661F-4229-BDD5-C4061F4FB0CD}.Release|Any CPU.Build.0 = Release|Any CPU
		{4C69A133-627A-4558-9196-1283A4F9DA10}.Debug|Any CPU.ActiveCfg = Debug|Any CPU
		{4C69A133-627A-4558-9196-1283A4F9DA10}.Debug|Any CPU.Build.0 = Debug|Any CPU
		{4C69A133-627A-4558-9196-1283A4F9DA10}.Release|Any CPU.ActiveCfg = Release|Any CPU
		{4C69A133-627A-4558-9196-1283A4F9DA10}.Release|Any CPU.Build.0 = Release|Any CPU
		{56843640-CE29-474D-9949-EA0993D49431}.Debug|Any CPU.ActiveCfg = Debug|Any CPU
		{56843640-CE29-474D-9949-EA0993D49431}.Debug|Any CPU.Build.0 = Debug|Any CPU
		{56843640-CE29-474D-9949-EA0993D49431}.Release|Any CPU.ActiveCfg = Release|Any CPU
		{56843640-CE29-474D-9949-EA0993D49431}.Release|Any CPU.Build.0 = Release|Any CPU
		{5F7CE624-7A9E-40E6-8006-AD0E5D91188B}.Debug|Any CPU.ActiveCfg = Debug|Any CPU
		{5F7CE624-7A9E-40E6-8006-AD0E5D91188B}.Debug|Any CPU.Build.0 = Debug|Any CPU
		{5F7CE624-7A9E-40E6-8006-AD0E5D91188B}.Release|Any CPU.ActiveCfg = Release|Any CPU
		{5F7CE624-7A9E-40E6-8006-AD0E5D91188B}.Release|Any CPU.Build.0 = Release|Any CPU
		{22E40A9E-080A-4A3C-BD62-8B6B55317C8B}.Debug|Any CPU.ActiveCfg = Debug|Any CPU
		{22E40A9E-080A-4A3C-BD62-8B6B55317C8B}.Debug|Any CPU.Build.0 = Debug|Any CPU
		{22E40A9E-080A-4A3C-BD62-8B6B55317C8B}.Release|Any CPU.ActiveCfg = Release|Any CPU
		{22E40A9E-080A-4A3C-BD62-8B6B55317C8B}.Release|Any CPU.Build.0 = Release|Any CPU
		{D6BF6956-9B12-40B1-BADF-FEA1686AF8BF}.Debug|Any CPU.ActiveCfg = Debug|Any CPU
		{D6BF6956-9B12-40B1-BADF-FEA1686AF8BF}.Debug|Any CPU.Build.0 = Debug|Any CPU
		{D6BF6956-9B12-40B1-BADF-FEA1686AF8BF}.Release|Any CPU.ActiveCfg = Release|Any CPU
		{D6BF6956-9B12-40B1-BADF-FEA1686AF8BF}.Release|Any CPU.Build.0 = Release|Any CPU
		{60C5A1C8-73B9-4914-BBC1-95F61EF4EFBD}.Debug|Any CPU.ActiveCfg = Debug|Any CPU
		{60C5A1C8-73B9-4914-BBC1-95F61EF4EFBD}.Debug|Any CPU.Build.0 = Debug|Any CPU
		{60C5A1C8-73B9-4914-BBC1-95F61EF4EFBD}.Release|Any CPU.ActiveCfg = Release|Any CPU
		{60C5A1C8-73B9-4914-BBC1-95F61EF4EFBD}.Release|Any CPU.Build.0 = Release|Any CPU
		{B63E1452-D4EE-4F56-ADE6-32D119E0C6AC}.Debug|Any CPU.ActiveCfg = Debug|Any CPU
		{B63E1452-D4EE-4F56-ADE6-32D119E0C6AC}.Debug|Any CPU.Build.0 = Debug|Any CPU
		{B63E1452-D4EE-4F56-ADE6-32D119E0C6AC}.Release|Any CPU.ActiveCfg = Release|Any CPU
		{B63E1452-D4EE-4F56-ADE6-32D119E0C6AC}.Release|Any CPU.Build.0 = Release|Any CPU
		{B73023CD-00ED-46F7-85C7-EC3EFA3DB49F}.Debug|Any CPU.ActiveCfg = Debug|Any CPU
		{B73023CD-00ED-46F7-85C7-EC3EFA3DB49F}.Debug|Any CPU.Build.0 = Debug|Any CPU
		{B73023CD-00ED-46F7-85C7-EC3EFA3DB49F}.Release|Any CPU.ActiveCfg = Release|Any CPU
		{B73023CD-00ED-46F7-85C7-EC3EFA3DB49F}.Release|Any CPU.Build.0 = Release|Any CPU
	EndGlobalSection
	GlobalSection(SolutionProperties) = preSolution
		HideSolutionNode = FALSE
	EndGlobalSection
	GlobalSection(ExtensibilityGlobals) = postSolution
		SolutionGuid = {E0641EF1-6B48-4533-B171-76DC36777A88}
	EndGlobalSection
EndGlobal
