
Microsoft Visual Studio Solution File, Format Version 12.00
# Visual Studio 15
VisualStudioVersion = 15.0.27703.2018
MinimumVisualStudioVersion = 10.0.40219.1
Project("{9A19103F-16F7-4668-BE54-9A1E7A4F7556}") = "LMS.Validator.Interface", "Validator.Interface\LMS.Validator.Interface.csproj", "{A1716BB2-1E28-427B-8FF0-EF06C45CEB84}"
EndProject
Project("{9A19103F-16F7-4668-BE54-9A1E7A4F7556}") = "LMS.Validator.UnitTests", "Validator.UnitTests\LMS.Validator.UnitTests.csproj", "{40787508-6435-4F03-BD8E-FA86A0DD9335}"
EndProject
Project("{FAE04EC0-301F-11D3-BF4B-00C04F79EFBC}") = "LMS.Validator.Implementation", "LMS.Validator.Implementation\LMS.Validator.Implementation.csproj", "{A55A4C04-C338-4C70-9198-0EBB07394628}"
EndProject
Global
	GlobalSection(SolutionConfigurationPlatforms) = preSolution
		Debug|Any CPU = Debug|Any CPU
		Release|Any CPU = Release|Any CPU
	EndGlobalSection
	GlobalSection(ProjectConfigurationPlatforms) = postSolution
		{A1716BB2-1E28-427B-8FF0-EF06C45CEB84}.Debug|Any CPU.ActiveCfg = Debug|Any CPU
		{A1716BB2-1E28-427B-8FF0-EF06C45CEB84}.Debug|Any CPU.Build.0 = Debug|Any CPU
		{A1716BB2-1E28-427B-8FF0-EF06C45CEB84}.Release|Any CPU.ActiveCfg = Release|Any CPU
		{A1716BB2-1E28-427B-8FF0-EF06C45CEB84}.Release|Any CPU.Build.0 = Release|Any CPU
		{40787508-6435-4F03-BD8E-FA86A0DD9335}.Debug|Any CPU.ActiveCfg = Debug|Any CPU
		{40787508-6435-4F03-BD8E-FA86A0DD9335}.Debug|Any CPU.Build.0 = Debug|Any CPU
		{40787508-6435-4F03-BD8E-FA86A0DD9335}.Release|Any CPU.ActiveCfg = Release|Any CPU
		{40787508-6435-4F03-BD8E-FA86A0DD9335}.Release|Any CPU.Build.0 = Release|Any CPU
		{A55A4C04-C338-4C70-9198-0EBB07394628}.Debug|Any CPU.ActiveCfg = Debug|Any CPU
		{A55A4C04-C338-4C70-9198-0EBB07394628}.Debug|Any CPU.Build.0 = Debug|Any CPU
		{A55A4C04-C338-4C70-9198-0EBB07394628}.Release|Any CPU.ActiveCfg = Release|Any CPU
		{A55A4C04-C338-4C70-9198-0EBB07394628}.Release|Any CPU.Build.0 = Release|Any CPU
	EndGlobalSection
	GlobalSection(SolutionProperties) = preSolution
		HideSolutionNode = FALSE
	EndGlobalSection
	GlobalSection(ExtensibilityGlobals) = postSolution
		SolutionGuid = {CA465FF4-F89C-4C33-85D8-61115FB99114}
	EndGlobalSection
EndGlobal
