
Microsoft Visual Studio Solution File, Format Version 12.00
# Visual Studio 15
VisualStudioVersion = 15.0.27703.2018
MinimumVisualStudioVersion = 10.0.40219.1
Project("{9A19103F-16F7-4668-BE54-9A1E7A4F7556}") = "ResolutionValidator", "ResolutionValidator\ResolutionValidator.csproj", "{158D48A1-75CF-45A1-94C5-F106719CE13B}"
EndProject
Project("{9A19103F-16F7-4668-BE54-9A1E7A4F7556}") = "ResolutionPublisher", "ResolutionPublisher\ResolutionPublisher.csproj", "{2ADB7ED2-3DCB-42E3-92C8-DABDCA330CDE}"
EndProject
Project("{FAE04EC0-301F-11D3-BF4B-00C04F79EFBC}") = "Resolution.Interface", "Resolution.Interface\Resolution.Interface.csproj", "{BBDB592B-BCE9-44A4-B5A0-55468E003609}"
EndProject
Global
	GlobalSection(SolutionConfigurationPlatforms) = preSolution
		Debug|Any CPU = Debug|Any CPU
		Release|Any CPU = Release|Any CPU
	EndGlobalSection
	GlobalSection(ProjectConfigurationPlatforms) = postSolution
		{158D48A1-75CF-45A1-94C5-F106719CE13B}.Debug|Any CPU.ActiveCfg = Debug|Any CPU
		{158D48A1-75CF-45A1-94C5-F106719CE13B}.Debug|Any CPU.Build.0 = Debug|Any CPU
		{158D48A1-75CF-45A1-94C5-F106719CE13B}.Release|Any CPU.ActiveCfg = Release|Any CPU
		{158D48A1-75CF-45A1-94C5-F106719CE13B}.Release|Any CPU.Build.0 = Release|Any CPU
		{2ADB7ED2-3DCB-42E3-92C8-DABDCA330CDE}.Debug|Any CPU.ActiveCfg = Debug|Any CPU
		{2ADB7ED2-3DCB-42E3-92C8-DABDCA330CDE}.Debug|Any CPU.Build.0 = Debug|Any CPU
		{2ADB7ED2-3DCB-42E3-92C8-DABDCA330CDE}.Release|Any CPU.ActiveCfg = Release|Any CPU
		{2ADB7ED2-3DCB-42E3-92C8-DABDCA330CDE}.Release|Any CPU.Build.0 = Release|Any CPU
		{BBDB592B-BCE9-44A4-B5A0-55468E003609}.Debug|Any CPU.ActiveCfg = Debug|Any CPU
		{BBDB592B-BCE9-44A4-B5A0-55468E003609}.Debug|Any CPU.Build.0 = Debug|Any CPU
		{BBDB592B-BCE9-44A4-B5A0-55468E003609}.Release|Any CPU.ActiveCfg = Release|Any CPU
		{BBDB592B-BCE9-44A4-B5A0-55468E003609}.Release|Any CPU.Build.0 = Release|Any CPU
	EndGlobalSection
	GlobalSection(SolutionProperties) = preSolution
		HideSolutionNode = FALSE
	EndGlobalSection
	GlobalSection(ExtensibilityGlobals) = postSolution
		SolutionGuid = {96EA2F21-093F-48E6-8F6A-AA601089605F}
	EndGlobalSection
EndGlobal
