
Microsoft Visual Studio Solution File, Format Version 12.00
# Visual Studio 15
VisualStudioVersion = 15.0.27428.2027
MinimumVisualStudioVersion = 10.0.40219.1
Project("{FAE04EC0-301F-11D3-BF4B-00C04F79EFBC}") = "Campaign", "Campaign\Campaign.csproj", "{B8AC8C40-478D-4229-B431-A0C1232EAA57}"
EndProject
Project("{FAE04EC0-301F-11D3-BF4B-00C04F79EFBC}") = "Campaing.Interface", "Campaing.Interface\Campaing.Interface.csproj", "{30D9E70E-B5B2-4302-9ADE-693637AD97AA}"
EndProject
Project("{FAE04EC0-301F-11D3-BF4B-00C04F79EFBC}") = "Campaign.UnitTests", "Campaign.UnitTests\Campaign.UnitTests.csproj", "{AB914C25-2937-40E5-B690-E9D7F43E8C40}"
EndProject
Global
	GlobalSection(SolutionConfigurationPlatforms) = preSolution
		Debug|Any CPU = Debug|Any CPU
		Release|Any CPU = Release|Any CPU
	EndGlobalSection
	GlobalSection(ProjectConfigurationPlatforms) = postSolution
		{B8AC8C40-478D-4229-B431-A0C1232EAA57}.Debug|Any CPU.ActiveCfg = Debug|Any CPU
		{B8AC8C40-478D-4229-B431-A0C1232EAA57}.Debug|Any CPU.Build.0 = Debug|Any CPU
		{B8AC8C40-478D-4229-B431-A0C1232EAA57}.Release|Any CPU.ActiveCfg = Release|Any CPU
		{B8AC8C40-478D-4229-B431-A0C1232EAA57}.Release|Any CPU.Build.0 = Release|Any CPU
		{30D9E70E-B5B2-4302-9ADE-693637AD97AA}.Debug|Any CPU.ActiveCfg = Debug|Any CPU
		{30D9E70E-B5B2-4302-9ADE-693637AD97AA}.Debug|Any CPU.Build.0 = Debug|Any CPU
		{30D9E70E-B5B2-4302-9ADE-693637AD97AA}.Release|Any CPU.ActiveCfg = Release|Any CPU
		{30D9E70E-B5B2-4302-9ADE-693637AD97AA}.Release|Any CPU.Build.0 = Release|Any CPU
		{AB914C25-2937-40E5-B690-E9D7F43E8C40}.Debug|Any CPU.ActiveCfg = Debug|Any CPU
		{AB914C25-2937-40E5-B690-E9D7F43E8C40}.Debug|Any CPU.Build.0 = Debug|Any CPU
		{AB914C25-2937-40E5-B690-E9D7F43E8C40}.Release|Any CPU.ActiveCfg = Release|Any CPU
		{AB914C25-2937-40E5-B690-E9D7F43E8C40}.Release|Any CPU.Build.0 = Release|Any CPU
	EndGlobalSection
	GlobalSection(SolutionProperties) = preSolution
		HideSolutionNode = FALSE
	EndGlobalSection
	GlobalSection(ExtensibilityGlobals) = postSolution
		SolutionGuid = {CF52A385-6C1D-4319-9AD5-8382DEBE0EF9}
	EndGlobalSection
EndGlobal
