
Microsoft Visual Studio Solution File, Format Version 12.00
# Visual Studio 15
VisualStudioVersion = 15.0.27428.2027
MinimumVisualStudioVersion = 10.0.40219.1
Project("{9A19103F-16F7-4668-BE54-9A1E7A4F7556}") = "LMS.Campaign.UnitTests", "Campaign.UnitTests\LMS.Campaign.UnitTests.csproj", "{78662577-F125-49F3-B62C-8266A5979404}"
EndProject
Project("{9A19103F-16F7-4668-BE54-9A1E7A4F7556}") = "LMS.Filter.Interface", "Filter.Interface\LMS.Filter.Interface.csproj", "{4A8EC63B-B54A-40F9-8096-DE56184E0C9D}"
EndProject
Project("{9A19103F-16F7-4668-BE54-9A1E7A4F7556}") = "LMS.Filter.UnitTests", "Filter.UnitTests\LMS.Filter.UnitTests.csproj", "{B75FE47B-6B29-4928-9F48-897281A61CC0}"
EndProject
Project("{9A19103F-16F7-4668-BE54-9A1E7A4F7556}") = "LMS.Rule.Interface", "Rule.Interface\LMS.Rule.Interface.csproj", "{905A9E2D-ACA3-490B-ACC4-50911A6B123E}"
EndProject
Project("{9A19103F-16F7-4668-BE54-9A1E7A4F7556}") = "LMS.Campaign.Interface", "Campaign.Interface\LMS.Campaign.Interface.csproj", "{C06693B8-331F-4980-9B20-15C6A1D9F4E5}"
EndProject
Project("{9A19103F-16F7-4668-BE54-9A1E7A4F7556}") = "LMS.Rule.UnitTests", "Rules.UnitTests\LMS.Rule.UnitTests.csproj", "{8937E1D0-5FAF-43B7-929A-4596D080EFB5}"
EndProject
Project("{9A19103F-16F7-4668-BE54-9A1E7A4F7556}") = "LMS.Campaign.BuyClick", "Campaign\LMS.Campaign.BuyClick.csproj", "{FDE69B3B-10DA-481A-AE54-79754A99944A}"
EndProject
Project("{FAE04EC0-301F-11D3-BF4B-00C04F79EFBC}") = "LMS.CampaignValidator.Interface", "LMS.CampaignValidator.Interface\LMS.CampaignValidator.Interface.csproj", "{9BD00612-C9F9-4F1C-9082-191405E057FC}"
EndProject
Global
	GlobalSection(SolutionConfigurationPlatforms) = preSolution
		Debug|Any CPU = Debug|Any CPU
		Release|Any CPU = Release|Any CPU
	EndGlobalSection
	GlobalSection(ProjectConfigurationPlatforms) = postSolution
		{78662577-F125-49F3-B62C-8266A5979404}.Debug|Any CPU.ActiveCfg = Debug|Any CPU
		{78662577-F125-49F3-B62C-8266A5979404}.Debug|Any CPU.Build.0 = Debug|Any CPU
		{78662577-F125-49F3-B62C-8266A5979404}.Release|Any CPU.ActiveCfg = Release|Any CPU
		{78662577-F125-49F3-B62C-8266A5979404}.Release|Any CPU.Build.0 = Release|Any CPU
		{4A8EC63B-B54A-40F9-8096-DE56184E0C9D}.Debug|Any CPU.ActiveCfg = Debug|Any CPU
		{4A8EC63B-B54A-40F9-8096-DE56184E0C9D}.Debug|Any CPU.Build.0 = Debug|Any CPU
		{4A8EC63B-B54A-40F9-8096-DE56184E0C9D}.Release|Any CPU.ActiveCfg = Release|Any CPU
		{4A8EC63B-B54A-40F9-8096-DE56184E0C9D}.Release|Any CPU.Build.0 = Release|Any CPU
		{B75FE47B-6B29-4928-9F48-897281A61CC0}.Debug|Any CPU.ActiveCfg = Debug|Any CPU
		{B75FE47B-6B29-4928-9F48-897281A61CC0}.Debug|Any CPU.Build.0 = Debug|Any CPU
		{B75FE47B-6B29-4928-9F48-897281A61CC0}.Release|Any CPU.ActiveCfg = Release|Any CPU
		{B75FE47B-6B29-4928-9F48-897281A61CC0}.Release|Any CPU.Build.0 = Release|Any CPU
		{905A9E2D-ACA3-490B-ACC4-50911A6B123E}.Debug|Any CPU.ActiveCfg = Debug|Any CPU
		{905A9E2D-ACA3-490B-ACC4-50911A6B123E}.Debug|Any CPU.Build.0 = Debug|Any CPU
		{905A9E2D-ACA3-490B-ACC4-50911A6B123E}.Release|Any CPU.ActiveCfg = Release|Any CPU
		{905A9E2D-ACA3-490B-ACC4-50911A6B123E}.Release|Any CPU.Build.0 = Release|Any CPU
		{C06693B8-331F-4980-9B20-15C6A1D9F4E5}.Debug|Any CPU.ActiveCfg = Debug|Any CPU
		{C06693B8-331F-4980-9B20-15C6A1D9F4E5}.Debug|Any CPU.Build.0 = Debug|Any CPU
		{C06693B8-331F-4980-9B20-15C6A1D9F4E5}.Release|Any CPU.ActiveCfg = Release|Any CPU
		{C06693B8-331F-4980-9B20-15C6A1D9F4E5}.Release|Any CPU.Build.0 = Release|Any CPU
		{8937E1D0-5FAF-43B7-929A-4596D080EFB5}.Debug|Any CPU.ActiveCfg = Debug|Any CPU
		{8937E1D0-5FAF-43B7-929A-4596D080EFB5}.Debug|Any CPU.Build.0 = Debug|Any CPU
		{8937E1D0-5FAF-43B7-929A-4596D080EFB5}.Release|Any CPU.ActiveCfg = Release|Any CPU
		{8937E1D0-5FAF-43B7-929A-4596D080EFB5}.Release|Any CPU.Build.0 = Release|Any CPU
		{FDE69B3B-10DA-481A-AE54-79754A99944A}.Debug|Any CPU.ActiveCfg = Debug|Any CPU
		{FDE69B3B-10DA-481A-AE54-79754A99944A}.Debug|Any CPU.Build.0 = Debug|Any CPU
		{FDE69B3B-10DA-481A-AE54-79754A99944A}.Release|Any CPU.ActiveCfg = Release|Any CPU
		{FDE69B3B-10DA-481A-AE54-79754A99944A}.Release|Any CPU.Build.0 = Release|Any CPU
		{9BD00612-C9F9-4F1C-9082-191405E057FC}.Debug|Any CPU.ActiveCfg = Debug|Any CPU
		{9BD00612-C9F9-4F1C-9082-191405E057FC}.Debug|Any CPU.Build.0 = Debug|Any CPU
		{9BD00612-C9F9-4F1C-9082-191405E057FC}.Release|Any CPU.ActiveCfg = Release|Any CPU
		{9BD00612-C9F9-4F1C-9082-191405E057FC}.Release|Any CPU.Build.0 = Release|Any CPU
	EndGlobalSection
	GlobalSection(SolutionProperties) = preSolution
		HideSolutionNode = FALSE
	EndGlobalSection
	GlobalSection(ExtensibilityGlobals) = postSolution
		SolutionGuid = {CF52A385-6C1D-4319-9AD5-8382DEBE0EF9}
	EndGlobalSection
EndGlobal
