
Microsoft Visual Studio Solution File, Format Version 12.00
# Visual Studio 15
VisualStudioVersion = 15.0.27428.2027
MinimumVisualStudioVersion = 10.0.40219.1
Project("{9A19103F-16F7-4668-BE54-9A1E7A4F7556}") = "Campaign", "Campaign\Campaign.csproj", "{B8AC8C40-478D-4229-B431-A0C1232EAA57}"
EndProject
Project("{9A19103F-16F7-4668-BE54-9A1E7A4F7556}") = "Campaign.Interface", "Campaing.Interface\Campaign.Interface.csproj", "{30D9E70E-B5B2-4302-9ADE-693637AD97AA}"
EndProject
Project("{9A19103F-16F7-4668-BE54-9A1E7A4F7556}") = "Campaign.UnitTests", "Campaign.UnitTests\Campaign.UnitTests.csproj", "{78662577-F125-49F3-B62C-8266A5979404}"
EndProject
Project("{9A19103F-16F7-4668-BE54-9A1E7A4F7556}") = "Validator.Interface", "Validator.Interface\Validator.Interface.csproj", "{7506C5E0-36B2-45DD-B5CB-ADC1F9AE4676}"
EndProject
Project("{FAE04EC0-301F-11D3-BF4B-00C04F79EFBC}") = "Publisher.Interface", "Publisher.Interface\Publisher.Interface.csproj", "{DEA9E787-2D08-4E77-8049-C1FF3E76FC43}"
EndProject
Project("{FAE04EC0-301F-11D3-BF4B-00C04F79EFBC}") = "Decorator.Interface", "Decorator.Interface\Decorator.Interface.csproj", "{1C96932D-27D8-4F82-BFB1-7FECEB70FA3F}"
EndProject
Global
	GlobalSection(SolutionConfigurationPlatforms) = preSolution
		Debug|Any CPU = Debug|Any CPU
		Release|Any CPU = Release|Any CPU
	EndGlobalSection
	GlobalSection(ProjectConfigurationPlatforms) = postSolution
		{B8AC8C40-478D-4229-B431-A0C1232EAA57}.Debug|Any CPU.ActiveCfg = Debug|Any CPU
		{B8AC8C40-478D-4229-B431-A0C1232EAA57}.Debug|Any CPU.Build.0 = Debug|Any CPU
		{B8AC8C40-478D-4229-B431-A0C1232EAA57}.Release|Any CPU.ActiveCfg = Release|Any CPU
		{B8AC8C40-478D-4229-B431-A0C1232EAA57}.Release|Any CPU.Build.0 = Release|Any CPU
		{30D9E70E-B5B2-4302-9ADE-693637AD97AA}.Debug|Any CPU.ActiveCfg = Debug|Any CPU
		{30D9E70E-B5B2-4302-9ADE-693637AD97AA}.Debug|Any CPU.Build.0 = Debug|Any CPU
		{30D9E70E-B5B2-4302-9ADE-693637AD97AA}.Release|Any CPU.ActiveCfg = Release|Any CPU
		{30D9E70E-B5B2-4302-9ADE-693637AD97AA}.Release|Any CPU.Build.0 = Release|Any CPU
		{78662577-F125-49F3-B62C-8266A5979404}.Debug|Any CPU.ActiveCfg = Debug|Any CPU
		{78662577-F125-49F3-B62C-8266A5979404}.Debug|Any CPU.Build.0 = Debug|Any CPU
		{78662577-F125-49F3-B62C-8266A5979404}.Release|Any CPU.ActiveCfg = Release|Any CPU
		{78662577-F125-49F3-B62C-8266A5979404}.Release|Any CPU.Build.0 = Release|Any CPU
		{7506C5E0-36B2-45DD-B5CB-ADC1F9AE4676}.Debug|Any CPU.ActiveCfg = Debug|Any CPU
		{7506C5E0-36B2-45DD-B5CB-ADC1F9AE4676}.Debug|Any CPU.Build.0 = Debug|Any CPU
		{7506C5E0-36B2-45DD-B5CB-ADC1F9AE4676}.Release|Any CPU.ActiveCfg = Release|Any CPU
		{7506C5E0-36B2-45DD-B5CB-ADC1F9AE4676}.Release|Any CPU.Build.0 = Release|Any CPU
		{DEA9E787-2D08-4E77-8049-C1FF3E76FC43}.Debug|Any CPU.ActiveCfg = Debug|Any CPU
		{DEA9E787-2D08-4E77-8049-C1FF3E76FC43}.Debug|Any CPU.Build.0 = Debug|Any CPU
		{DEA9E787-2D08-4E77-8049-C1FF3E76FC43}.Release|Any CPU.ActiveCfg = Release|Any CPU
		{DEA9E787-2D08-4E77-8049-C1FF3E76FC43}.Release|Any CPU.Build.0 = Release|Any CPU
		{1C96932D-27D8-4F82-BFB1-7FECEB70FA3F}.Debug|Any CPU.ActiveCfg = Debug|Any CPU
		{1C96932D-27D8-4F82-BFB1-7FECEB70FA3F}.Debug|Any CPU.Build.0 = Debug|Any CPU
		{1C96932D-27D8-4F82-BFB1-7FECEB70FA3F}.Release|Any CPU.ActiveCfg = Release|Any CPU
		{1C96932D-27D8-4F82-BFB1-7FECEB70FA3F}.Release|Any CPU.Build.0 = Release|Any CPU
	EndGlobalSection
	GlobalSection(SolutionProperties) = preSolution
		HideSolutionNode = FALSE
	EndGlobalSection
	GlobalSection(ExtensibilityGlobals) = postSolution
		SolutionGuid = {CF52A385-6C1D-4319-9AD5-8382DEBE0EF9}
	EndGlobalSection
EndGlobal
